// !$*UTF8*$!
{
	archiveVersion = 1;
	classes = {
	};
	objectVersion = 46;
	objects = {

/* Begin PBXBuildFile section */
		B955D7691AC981FD00D7E94E /* SettingsVC.swift in Sources */ = {isa = PBXBuildFile; fileRef = B955D7681AC981FD00D7E94E /* SettingsVC.swift */; };
		B959FEE91AADBC56004866F8 /* AppDelegate.swift in Sources */ = {isa = PBXBuildFile; fileRef = B959FEE81AADBC56004866F8 /* AppDelegate.swift */; };
		B959FEEB1AADBC56004866F8 /* MainVC.swift in Sources */ = {isa = PBXBuildFile; fileRef = B959FEEA1AADBC56004866F8 /* MainVC.swift */; };
		B959FEEE1AADBC56004866F8 /* Main.storyboard in Resources */ = {isa = PBXBuildFile; fileRef = B959FEEC1AADBC56004866F8 /* Main.storyboard */; };
		B959FEF01AADBC56004866F8 /* Images.xcassets in Resources */ = {isa = PBXBuildFile; fileRef = B959FEEF1AADBC56004866F8 /* Images.xcassets */; };
		B959FEF31AADBC56004866F8 /* LaunchScreen.xib in Resources */ = {isa = PBXBuildFile; fileRef = B959FEF11AADBC56004866F8 /* LaunchScreen.xib */; };
		B959FEFF1AADBC56004866F8 /* SwiftToastViewTests.swift in Sources */ = {isa = PBXBuildFile; fileRef = B959FEFE1AADBC56004866F8 /* SwiftToastViewTests.swift */; };
		B969A4F51B00D10B00BD9D37 /* license.md in Sources */ = {isa = PBXBuildFile; fileRef = B969A4F31B00D10B00BD9D37 /* license.md */; };
		B969A4F61B00D10B00BD9D37 /* readme.md in Sources */ = {isa = PBXBuildFile; fileRef = B969A4F41B00D10B00BD9D37 /* readme.md */; };
		B969A4F91B00D11300BD9D37 /* ToastView_Example.png in Resources */ = {isa = PBXBuildFile; fileRef = B969A4F81B00D11300BD9D37 /* ToastView_Example.png */; };
		B9F77F8B1ACBFFD10063DB5B /* CCToastView.swift in Sources */ = {isa = PBXBuildFile; fileRef = B9F77F8A1ACBFFD10063DB5B /* CCToastView.swift */; };
/* End PBXBuildFile section */

/* Begin PBXContainerItemProxy section */
		B959FEF91AADBC56004866F8 /* PBXContainerItemProxy */ = {
			isa = PBXContainerItemProxy;
			containerPortal = B959FEDB1AADBC56004866F8 /* Project object */;
			proxyType = 1;
			remoteGlobalIDString = B959FEE21AADBC56004866F8;
			remoteInfo = SwiftToastView;
		};
/* End PBXContainerItemProxy section */

/* Begin PBXFileReference section */
		B955D7681AC981FD00D7E94E /* SettingsVC.swift */ = {isa = PBXFileReference; fileEncoding = 4; lastKnownFileType = sourcecode.swift; path = SettingsVC.swift; sourceTree = "<group>"; };
		B959FEE31AADBC56004866F8 /* SwiftToastView.app */ = {isa = PBXFileReference; explicitFileType = wrapper.application; includeInIndex = 0; path = SwiftToastView.app; sourceTree = BUILT_PRODUCTS_DIR; };
		B959FEE71AADBC56004866F8 /* Info.plist */ = {isa = PBXFileReference; lastKnownFileType = text.plist.xml; path = Info.plist; sourceTree = "<group>"; };
		B959FEE81AADBC56004866F8 /* AppDelegate.swift */ = {isa = PBXFileReference; lastKnownFileType = sourcecode.swift; path = AppDelegate.swift; sourceTree = "<group>"; };
		B959FEEA1AADBC56004866F8 /* MainVC.swift */ = {isa = PBXFileReference; lastKnownFileType = sourcecode.swift; path = MainVC.swift; sourceTree = "<group>"; };
		B959FEED1AADBC56004866F8 /* Base */ = {isa = PBXFileReference; lastKnownFileType = file.storyboard; name = Base; path = Base.lproj/Main.storyboard; sourceTree = "<group>"; };
		B959FEEF1AADBC56004866F8 /* Images.xcassets */ = {isa = PBXFileReference; lastKnownFileType = folder.assetcatalog; path = Images.xcassets; sourceTree = "<group>"; };
		B959FEF21AADBC56004866F8 /* Base */ = {isa = PBXFileReference; lastKnownFileType = file.xib; name = Base; path = Base.lproj/LaunchScreen.xib; sourceTree = "<group>"; };
		B959FEF81AADBC56004866F8 /* SwiftToastViewTests.xctest */ = {isa = PBXFileReference; explicitFileType = wrapper.cfbundle; includeInIndex = 0; path = SwiftToastViewTests.xctest; sourceTree = BUILT_PRODUCTS_DIR; };
		B959FEFD1AADBC56004866F8 /* Info.plist */ = {isa = PBXFileReference; lastKnownFileType = text.plist.xml; path = Info.plist; sourceTree = "<group>"; };
		B959FEFE1AADBC56004866F8 /* SwiftToastViewTests.swift */ = {isa = PBXFileReference; lastKnownFileType = sourcecode.swift; path = SwiftToastViewTests.swift; sourceTree = "<group>"; };
		B969A4F31B00D10B00BD9D37 /* license.md */ = {isa = PBXFileReference; fileEncoding = 4; lastKnownFileType = net.daringfireball.markdown; path = license.md; sourceTree = "<group>"; };
		B969A4F41B00D10B00BD9D37 /* readme.md */ = {isa = PBXFileReference; fileEncoding = 4; lastKnownFileType = net.daringfireball.markdown; path = readme.md; sourceTree = "<group>"; };
		B969A4F81B00D11300BD9D37 /* ToastView_Example.png */ = {isa = PBXFileReference; lastKnownFileType = image.png; path = ToastView_Example.png; sourceTree = "<group>"; };
		B9F77F8A1ACBFFD10063DB5B /* CCToastView.swift */ = {isa = PBXFileReference; fileEncoding = 4; lastKnownFileType = sourcecode.swift; path = CCToastView.swift; sourceTree = "<group>"; };
/* End PBXFileReference section */

/* Begin PBXFrameworksBuildPhase section */
		B959FEE01AADBC56004866F8 /* Frameworks */ = {
			isa = PBXFrameworksBuildPhase;
			buildActionMask = 2147483647;
			files = (
			);
			runOnlyForDeploymentPostprocessing = 0;
		};
		B959FEF51AADBC56004866F8 /* Frameworks */ = {
			isa = PBXFrameworksBuildPhase;
			buildActionMask = 2147483647;
			files = (
			);
			runOnlyForDeploymentPostprocessing = 0;
		};
/* End PBXFrameworksBuildPhase section */

/* Begin PBXGroup section */
		B959FEDA1AADBC56004866F8 = {
			isa = PBXGroup;
			children = (
				B9F77F891ACBFFD10063DB5B /* CCToastView */,
				B959FEE51AADBC56004866F8 /* SwiftToastView */,
				B959FEFB1AADBC56004866F8 /* SwiftToastViewTests */,
				B959FEE41AADBC56004866F8 /* Products */,
				B969A4F71B00D11300BD9D37 /* Images */,
				B969A4F31B00D10B00BD9D37 /* license.md */,
				B969A4F41B00D10B00BD9D37 /* readme.md */,
			);
			sourceTree = "<group>";
		};
		B959FEE41AADBC56004866F8 /* Products */ = {
			isa = PBXGroup;
			children = (
				B959FEE31AADBC56004866F8 /* SwiftToastView.app */,
				B959FEF81AADBC56004866F8 /* SwiftToastViewTests.xctest */,
			);
			name = Products;
			sourceTree = "<group>";
		};
		B959FEE51AADBC56004866F8 /* SwiftToastView */ = {
			isa = PBXGroup;
			children = (
				B959FEE81AADBC56004866F8 /* AppDelegate.swift */,
				B959FEEA1AADBC56004866F8 /* MainVC.swift */,
				B955D7681AC981FD00D7E94E /* SettingsVC.swift */,
				B959FEEC1AADBC56004866F8 /* Main.storyboard */,
				B959FEEF1AADBC56004866F8 /* Images.xcassets */,
				B959FEF11AADBC56004866F8 /* LaunchScreen.xib */,
				B959FEE61AADBC56004866F8 /* Supporting Files */,
			);
			path = SwiftToastView;
			sourceTree = "<group>";
		};
		B959FEE61AADBC56004866F8 /* Supporting Files */ = {
			isa = PBXGroup;
			children = (
				B959FEE71AADBC56004866F8 /* Info.plist */,
			);
			name = "Supporting Files";
			sourceTree = "<group>";
		};
		B959FEFB1AADBC56004866F8 /* SwiftToastViewTests */ = {
			isa = PBXGroup;
			children = (
				B959FEFE1AADBC56004866F8 /* SwiftToastViewTests.swift */,
				B959FEFC1AADBC56004866F8 /* Supporting Files */,
			);
			path = SwiftToastViewTests;
			sourceTree = "<group>";
		};
		B959FEFC1AADBC56004866F8 /* Supporting Files */ = {
			isa = PBXGroup;
			children = (
				B959FEFD1AADBC56004866F8 /* Info.plist */,
			);
			name = "Supporting Files";
			sourceTree = "<group>";
		};
		B969A4F71B00D11300BD9D37 /* Images */ = {
			isa = PBXGroup;
			children = (
				B969A4F81B00D11300BD9D37 /* ToastView_Example.png */,
			);
			path = Images;
			sourceTree = "<group>";
		};
		B9F77F891ACBFFD10063DB5B /* CCToastView */ = {
			isa = PBXGroup;
			children = (
				B9F77F8A1ACBFFD10063DB5B /* CCToastView.swift */,
			);
			path = CCToastView;
			sourceTree = "<group>";
		};
/* End PBXGroup section */

/* Begin PBXNativeTarget section */
		B959FEE21AADBC56004866F8 /* SwiftToastView */ = {
			isa = PBXNativeTarget;
			buildConfigurationList = B959FF021AADBC56004866F8 /* Build configuration list for PBXNativeTarget "SwiftToastView" */;
			buildPhases = (
				B959FEDF1AADBC56004866F8 /* Sources */,
				B959FEE01AADBC56004866F8 /* Frameworks */,
				B959FEE11AADBC56004866F8 /* Resources */,
			);
			buildRules = (
			);
			dependencies = (
			);
			name = SwiftToastView;
			productName = SwiftToastView;
			productReference = B959FEE31AADBC56004866F8 /* SwiftToastView.app */;
			productType = "com.apple.product-type.application";
		};
		B959FEF71AADBC56004866F8 /* SwiftToastViewTests */ = {
			isa = PBXNativeTarget;
			buildConfigurationList = B959FF051AADBC56004866F8 /* Build configuration list for PBXNativeTarget "SwiftToastViewTests" */;
			buildPhases = (
				B959FEF41AADBC56004866F8 /* Sources */,
				B959FEF51AADBC56004866F8 /* Frameworks */,
				B959FEF61AADBC56004866F8 /* Resources */,
			);
			buildRules = (
			);
			dependencies = (
				B959FEFA1AADBC56004866F8 /* PBXTargetDependency */,
			);
			name = SwiftToastViewTests;
			productName = SwiftToastViewTests;
			productReference = B959FEF81AADBC56004866F8 /* SwiftToastViewTests.xctest */;
			productType = "com.apple.product-type.bundle.unit-test";
		};
/* End PBXNativeTarget section */

/* Begin PBXProject section */
		B959FEDB1AADBC56004866F8 /* Project object */ = {
			isa = PBXProject;
			attributes = {
				LastSwiftMigration = 0710;
				LastSwiftUpdateCheck = 0710;
				LastUpgradeCheck = 0610;
				ORGANIZATIONNAME = "Adrian Ziemecki";
				TargetAttributes = {
					B959FEE21AADBC56004866F8 = {
						CreatedOnToolsVersion = 6.1.1;
					};
					B959FEF71AADBC56004866F8 = {
						CreatedOnToolsVersion = 6.1.1;
						TestTargetID = B959FEE21AADBC56004866F8;
					};
				};
			};
			buildConfigurationList = B959FEDE1AADBC56004866F8 /* Build configuration list for PBXProject "SwiftToastView" */;
			compatibilityVersion = "Xcode 3.2";
			developmentRegion = English;
			hasScannedForEncodings = 0;
			knownRegions = (
				en,
				Base,
			);
			mainGroup = B959FEDA1AADBC56004866F8;
			productRefGroup = B959FEE41AADBC56004866F8 /* Products */;
			projectDirPath = "";
			projectRoot = "";
			targets = (
				B959FEE21AADBC56004866F8 /* SwiftToastView */,
				B959FEF71AADBC56004866F8 /* SwiftToastViewTests */,
			);
		};
/* End PBXProject section */

/* Begin PBXResourcesBuildPhase section */
		B959FEE11AADBC56004866F8 /* Resources */ = {
			isa = PBXResourcesBuildPhase;
			buildActionMask = 2147483647;
			files = (
				B959FEEE1AADBC56004866F8 /* Main.storyboard in Resources */,
				B969A4F91B00D11300BD9D37 /* ToastView_Example.png in Resources */,
				B959FEF31AADBC56004866F8 /* LaunchScreen.xib in Resources */,
				B959FEF01AADBC56004866F8 /* Images.xcassets in Resources */,
			);
			runOnlyForDeploymentPostprocessing = 0;
		};
		B959FEF61AADBC56004866F8 /* Resources */ = {
			isa = PBXResourcesBuildPhase;
			buildActionMask = 2147483647;
			files = (
			);
			runOnlyForDeploymentPostprocessing = 0;
		};
/* End PBXResourcesBuildPhase section */

/* Begin PBXSourcesBuildPhase section */
		B959FEDF1AADBC56004866F8 /* Sources */ = {
			isa = PBXSourcesBuildPhase;
			buildActionMask = 2147483647;
			files = (
				B9F77F8B1ACBFFD10063DB5B /* CCToastView.swift in Sources */,
				B969A4F51B00D10B00BD9D37 /* license.md in Sources */,
				B955D7691AC981FD00D7E94E /* SettingsVC.swift in Sources */,
				B959FEEB1AADBC56004866F8 /* MainVC.swift in Sources */,
				B969A4F61B00D10B00BD9D37 /* readme.md in Sources */,
				B959FEE91AADBC56004866F8 /* AppDelegate.swift in Sources */,
			);
			runOnlyForDeploymentPostprocessing = 0;
		};
		B959FEF41AADBC56004866F8 /* Sources */ = {
			isa = PBXSourcesBuildPhase;
			buildActionMask = 2147483647;
			files = (
				B959FEFF1AADBC56004866F8 /* SwiftToastViewTests.swift in Sources */,
			);
			runOnlyForDeploymentPostprocessing = 0;
		};
/* End PBXSourcesBuildPhase section */

/* Begin PBXTargetDependency section */
		B959FEFA1AADBC56004866F8 /* PBXTargetDependency */ = {
			isa = PBXTargetDependency;
			target = B959FEE21AADBC56004866F8 /* SwiftToastView */;
			targetProxy = B959FEF91AADBC56004866F8 /* PBXContainerItemProxy */;
		};
/* End PBXTargetDependency section */

/* Begin PBXVariantGroup section */
		B959FEEC1AADBC56004866F8 /* Main.storyboard */ = {
			isa = PBXVariantGroup;
			children = (
				B959FEED1AADBC56004866F8 /* Base */,
			);
			name = Main.storyboard;
			sourceTree = "<group>";
		};
		B959FEF11AADBC56004866F8 /* LaunchScreen.xib */ = {
			isa = PBXVariantGroup;
			children = (
				B959FEF21AADBC56004866F8 /* Base */,
			);
			name = LaunchScreen.xib;
			sourceTree = "<group>";
		};
/* End PBXVariantGroup section */

/* Begin XCBuildConfiguration section */
		B959FF001AADBC56004866F8 /* Debug */ = {
			isa = XCBuildConfiguration;
			buildSettings = {
				ALWAYS_SEARCH_USER_PATHS = NO;
				CLANG_CXX_LANGUAGE_STANDARD = "gnu++0x";
				CLANG_CXX_LIBRARY = "libc++";
				CLANG_ENABLE_MODULES = YES;
				CLANG_ENABLE_OBJC_ARC = YES;
				CLANG_WARN_BOOL_CONVERSION = YES;
				CLANG_WARN_CONSTANT_CONVERSION = YES;
				CLANG_WARN_DIRECT_OBJC_ISA_USAGE = YES_ERROR;
				CLANG_WARN_EMPTY_BODY = YES;
				CLANG_WARN_ENUM_CONVERSION = YES;
				CLANG_WARN_INT_CONVERSION = YES;
				CLANG_WARN_OBJC_ROOT_CLASS = YES_ERROR;
				CLANG_WARN_UNREACHABLE_CODE = YES;
				CLANG_WARN__DUPLICATE_METHOD_MATCH = YES;
				"CODE_SIGN_IDENTITY[sdk=iphoneos*]" = "iPhone Developer";
				COPY_PHASE_STRIP = NO;
				ENABLE_STRICT_OBJC_MSGSEND = YES;
				GCC_C_LANGUAGE_STANDARD = gnu99;
				GCC_DYNAMIC_NO_PIC = NO;
				GCC_OPTIMIZATION_LEVEL = 0;
				GCC_PREPROCESSOR_DEFINITIONS = (
					"DEBUG=1",
					"$(inherited)",
				);
				GCC_SYMBOLS_PRIVATE_EXTERN = NO;
				GCC_WARN_64_TO_32_BIT_CONVERSION = YES;
				GCC_WARN_ABOUT_RETURN_TYPE = YES_ERROR;
				GCC_WARN_UNDECLARED_SELECTOR = YES;
				GCC_WARN_UNINITIALIZED_AUTOS = YES_AGGRESSIVE;
				GCC_WARN_UNUSED_FUNCTION = YES;
				GCC_WARN_UNUSED_VARIABLE = YES;
				IPHONEOS_DEPLOYMENT_TARGET = 8.1;
				MTL_ENABLE_DEBUG_INFO = YES;
				ONLY_ACTIVE_ARCH = YES;
				SDKROOT = iphoneos;
				SWIFT_OPTIMIZATION_LEVEL = "-Onone";
				TARGETED_DEVICE_FAMILY = "1,2";
			};
			name = Debug;
		};
		B959FF011AADBC56004866F8 /* Release */ = {
			isa = XCBuildConfiguration;
			buildSettings = {
				ALWAYS_SEARCH_USER_PATHS = NO;
				CLANG_CXX_LANGUAGE_STANDARD = "gnu++0x";
				CLANG_CXX_LIBRARY = "libc++";
				CLANG_ENABLE_MODULES = YES;
				CLANG_ENABLE_OBJC_ARC = YES;
				CLANG_WARN_BOOL_CONVERSION = YES;
				CLANG_WARN_CONSTANT_CONVERSION = YES;
				CLANG_WARN_DIRECT_OBJC_ISA_USAGE = YES_ERROR;
				CLANG_WARN_EMPTY_BODY = YES;
				CLANG_WARN_ENUM_CONVERSION = YES;
				CLANG_WARN_INT_CONVERSION = YES;
				CLANG_WARN_OBJC_ROOT_CLASS = YES_ERROR;
				CLANG_WARN_UNREACHABLE_CODE = YES;
				CLANG_WARN__DUPLICATE_METHOD_MATCH = YES;
				"CODE_SIGN_IDENTITY[sdk=iphoneos*]" = "iPhone Developer";
				COPY_PHASE_STRIP = YES;
				ENABLE_NS_ASSERTIONS = NO;
				ENABLE_STRICT_OBJC_MSGSEND = YES;
				GCC_C_LANGUAGE_STANDARD = gnu99;
				GCC_WARN_64_TO_32_BIT_CONVERSION = YES;
				GCC_WARN_ABOUT_RETURN_TYPE = YES_ERROR;
				GCC_WARN_UNDECLARED_SELECTOR = YES;
				GCC_WARN_UNINITIALIZED_AUTOS = YES_AGGRESSIVE;
				GCC_WARN_UNUSED_FUNCTION = YES;
				GCC_WARN_UNUSED_VARIABLE = YES;
				IPHONEOS_DEPLOYMENT_TARGET = 8.1;
				MTL_ENABLE_DEBUG_INFO = NO;
				SDKROOT = iphoneos;
				TARGETED_DEVICE_FAMILY = "1,2";
				VALIDATE_PRODUCT = YES;
			};
			name = Release;
		};
		B959FF031AADBC56004866F8 /* Debug */ = {
			isa = XCBuildConfiguration;
			buildSettings = {
				ASSETCATALOG_COMPILER_APPICON_NAME = AppIcon;
				INFOPLIST_FILE = SwiftToastView/Info.plist;
				IPHONEOS_DEPLOYMENT_TARGET = 7.1;
				LD_RUNPATH_SEARCH_PATHS = "$(inherited) @executable_path/Frameworks";
				PRODUCT_NAME = "$(TARGET_NAME)";
			};
			name = Debug;
		};
		B959FF041AADBC56004866F8 /* Release */ = {
			isa = XCBuildConfiguration;
			buildSettings = {
				ASSETCATALOG_COMPILER_APPICON_NAME = AppIcon;
				INFOPLIST_FILE = SwiftToastView/Info.plist;
				IPHONEOS_DEPLOYMENT_TARGET = 7.1;
				LD_RUNPATH_SEARCH_PATHS = "$(inherited) @executable_path/Frameworks";
				PRODUCT_NAME = "$(TARGET_NAME)";
			};
			name = Release;
		};
		B959FF061AADBC56004866F8 /* Debug */ = {
			isa = XCBuildConfiguration;
			buildSettings = {
				BUNDLE_LOADER = "$(TEST_HOST)";
				FRAMEWORK_SEARCH_PATHS = (
					"$(SDKROOT)/Developer/Library/Frameworks",
					"$(inherited)",
				);
				GCC_PREPROCESSOR_DEFINITIONS = (
					"DEBUG=1",
					"$(inherited)",
				);
				INFOPLIST_FILE = SwiftToastViewTests/Info.plist;
				LD_RUNPATH_SEARCH_PATHS = "$(inherited) @executable_path/Frameworks @loader_path/Frameworks";
				PRODUCT_NAME = "$(TARGET_NAME)";
				TEST_HOST = "$(BUILT_PRODUCTS_DIR)/SwiftToastView.app/SwiftToastView";
			};
			name = Debug;
		};
		B959FF071AADBC56004866F8 /* Release */ = {
			isa = XCBuildConfiguration;
			buildSettings = {
				BUNDLE_LOADER = "$(TEST_HOST)";
				FRAMEWORK_SEARCH_PATHS = (
					"$(SDKROOT)/Developer/Library/Frameworks",
					"$(inherited)",
				);
				INFOPLIST_FILE = SwiftToastViewTests/Info.plist;
				LD_RUNPATH_SEARCH_PATHS = "$(inherited) @executable_path/Frameworks @loader_path/Frameworks";
				PRODUCT_NAME = "$(TARGET_NAME)";
				TEST_HOST = "$(BUILT_PRODUCTS_DIR)/SwiftToastView.app/SwiftToastView";
			};
			name = Release;
		};
/* End XCBuildConfiguration section */

/* Begin XCConfigurationList section */
		B959FEDE1AADBC56004866F8 /* Build configuration list for PBXProject "SwiftToastView" */ = {
			isa = XCConfigurationList;
			buildConfigurations = (
				B959FF001AADBC56004866F8 /* Debug */,
				B959FF011AADBC56004866F8 /* Release */,
			);
			defaultConfigurationIsVisible = 0;
			defaultConfigurationName = Release;
		};
		B959FF021AADBC56004866F8 /* Build configuration list for PBXNativeTarget "SwiftToastView" */ = {
			isa = XCConfigurationList;
			buildConfigurations = (
				B959FF031AADBC56004866F8 /* Debug */,
				B959FF041AADBC56004866F8 /* Release */,
			);
			defaultConfigurationIsVisible = 0;
			defaultConfigurationName = Release;
		};
		B959FF051AADBC56004866F8 /* Build configuration list for PBXNativeTarget "SwiftToastViewTests" */ = {
			isa = XCConfigurationList;
			buildConfigurations = (
				B959FF061AADBC56004866F8 /* Debug */,
				B959FF071AADBC56004866F8 /* Release */,
			);
			defaultConfigurationIsVisible = 0;
			defaultConfigurationName = Release;
		};
/* End XCConfigurationList section */
	};
	rootObject = B959FEDB1AADBC56004866F8 /* Project object */;
}
